
Microsoft Visual Studio Solution File, Format Version 12.00
# Visual Studio Version 17
VisualStudioVersion = 17.9.34622.214
MinimumVisualStudioVersion = 10.0.40219.1
Project("{FAE04EC0-301F-11D3-BF4B-00C04F79EFBC}") = "ContosoUniversity", "ContosoUniversity\ContosoUniversity.csproj", "{026C9904-77FF-465B-86D4-BFC9162B939E}"
EndProject
Global
	GlobalSection(SolutionConfigurationPlatforms) = preSolution
		Debug|Any CPU = Debug|Any CPU
		Release|Any CPU = Release|Any CPU
	EndGlobalSection
	GlobalSection(ProjectConfigurationPlatforms) = postSolution
		{026C9904-77FF-465B-86D4-BFC9162B939E}.Debug|Any CPU.ActiveCfg = Debug|Any CPU
		{026C9904-77FF-465B-86D4-BFC9162B939E}.Debug|Any CPU.Build.0 = Debug|Any CPU
		{026C9904-77FF-465B-86D4-BFC9162B939E}.Release|Any CPU.ActiveCfg = Release|Any CPU
		{026C9904-77FF-465B-86D4-BFC9162B939E}.Release|Any CPU.Build.0 = Release|Any CPU
	EndGlobalSection
	GlobalSection(SolutionProperties) = preSolution
		HideSolutionNode = FALSE
	EndGlobalSection
	GlobalSection(ExtensibilityGlobals) = postSolution
		SolutionGuid = {57D5F6EB-C1F4-4C8A-9071-11E8283FF7E2}
	EndGlobalSection
EndGlobal
